
Microsoft Visual Studio Solution File, Format Version 11.00
# Visual Studio 2010
Project("{FAE04EC0-301F-11D3-BF4B-00C04F79EFBC}") = "Assembly-CSharp", "Assembly-CSharp.csproj", "{c950be18-9574-d5c9-bfe8-be6227ba7eae}"
EndProject
Project("{FAE04EC0-301F-11D3-BF4B-00C04F79EFBC}") = "Assembly-CSharp-Editor", "Assembly-CSharp-Editor.csproj", "{d869483d-bcac-2e8c-dd49-37228f0a508c}"
EndProject
Global
	GlobalSection(SolutionConfigurationPlatforms) = preSolution
		Debug|Any CPU = Debug|Any CPU
	EndGlobalSection
	GlobalSection(ProjectConfigurationPlatforms) = postSolution
		{c950be18-9574-d5c9-bfe8-be6227ba7eae}.Debug|Any CPU.ActiveCfg = Debug|Any CPU
		{c950be18-9574-d5c9-bfe8-be6227ba7eae}.Debug|Any CPU.Build.0 = Debug|Any CPU
		{d869483d-bcac-2e8c-dd49-37228f0a508c}.Debug|Any CPU.ActiveCfg = Debug|Any CPU
		{d869483d-bcac-2e8c-dd49-37228f0a508c}.Debug|Any CPU.Build.0 = Debug|Any CPU
	EndGlobalSection
	GlobalSection(SolutionProperties) = preSolution
		HideSolutionNode = FALSE
	EndGlobalSection
EndGlobal
